
Microsoft Visual Studio Solution File, Format Version 12.00
# Visual Studio Version 17
VisualStudioVersion = 17.8.34309.116
MinimumVisualStudioVersion = 10.0.40219.1
Project("{FAE04EC0-301F-11D3-BF4B-00C04F79EFBC}") = "Exercise7", "Exercise7.csproj", "{741C171D-0A1A-4D2A-9280-2A6822241FD6}"
EndProject
Global
	GlobalSection(SolutionConfigurationPlatforms) = preSolution
		Debug|Any CPU = Debug|Any CPU
		Release|Any CPU = Release|Any CPU
	EndGlobalSection
	GlobalSection(ProjectConfigurationPlatforms) = postSolution
		{741C171D-0A1A-4D2A-9280-2A6822241FD6}.Debug|Any CPU.ActiveCfg = Debug|Any CPU
		{741C171D-0A1A-4D2A-9280-2A6822241FD6}.Debug|Any CPU.Build.0 = Debug|Any CPU
		{741C171D-0A1A-4D2A-9280-2A6822241FD6}.Release|Any CPU.ActiveCfg = Release|Any CPU
		{741C171D-0A1A-4D2A-9280-2A6822241FD6}.Release|Any CPU.Build.0 = Release|Any CPU
	EndGlobalSection
	GlobalSection(SolutionProperties) = preSolution
		HideSolutionNode = FALSE
	EndGlobalSection
	GlobalSection(ExtensibilityGlobals) = postSolution
		SolutionGuid = {A7E85798-6FA1-4FD8-A52F-AF7614530F3A}
	EndGlobalSection
EndGlobal
